
Microsoft Visual Studio Solution File, Format Version 12.00
# Visual Studio Version 17
VisualStudioVersion = 17.2.32602.215
MinimumVisualStudioVersion = 10.0.40219.1
Project("{FAE04EC0-301F-11D3-BF4B-00C04F79EFBC}") = "InAndOut", "InAndOut\InAndOut.csproj", "{D58F9A4F-CC2D-43E6-A1D3-C2BC37F32007}"
EndProject
Project("{FAE04EC0-301F-11D3-BF4B-00C04F79EFBC}") = "InAndOut.Core", "InAndOut.Core\InAndOut.Core.csproj", "{43C8433E-CACD-42E2-A411-7C5300279CDD}"
EndProject
Project("{FAE04EC0-301F-11D3-BF4B-00C04F79EFBC}") = "InAndOut.Core.Test", "InAndOut.Core.Test\InAndOut.Core.Test.csproj", "{13FCCBF7-AB3F-4BC3-9D43-59897449D418}"
EndProject
Project("{FAE04EC0-301F-11D3-BF4B-00C04F79EFBC}") = "InAndOut.DAL", "InAndOut.DAL\InAndOut.DAL.csproj", "{833868FF-B3BA-4D3E-9666-8C3B90127D54}"
EndProject
Project("{FAE04EC0-301F-11D3-BF4B-00C04F79EFBC}") = "InAndOut.DAL.Test", "InAndOut.DAL.Test\InAndOut.DAL.Test.csproj", "{DE30D9F1-0348-4A41-8CD3-6E74E6465FC1}"
EndProject
Global
	GlobalSection(SolutionConfigurationPlatforms) = preSolution
		Debug|Any CPU = Debug|Any CPU
		Release|Any CPU = Release|Any CPU
	EndGlobalSection
	GlobalSection(ProjectConfigurationPlatforms) = postSolution
		{D58F9A4F-CC2D-43E6-A1D3-C2BC37F32007}.Debug|Any CPU.ActiveCfg = Debug|Any CPU
		{D58F9A4F-CC2D-43E6-A1D3-C2BC37F32007}.Debug|Any CPU.Build.0 = Debug|Any CPU
		{D58F9A4F-CC2D-43E6-A1D3-C2BC37F32007}.Release|Any CPU.ActiveCfg = Release|Any CPU
		{D58F9A4F-CC2D-43E6-A1D3-C2BC37F32007}.Release|Any CPU.Build.0 = Release|Any CPU
		{43C8433E-CACD-42E2-A411-7C5300279CDD}.Debug|Any CPU.ActiveCfg = Debug|Any CPU
		{43C8433E-CACD-42E2-A411-7C5300279CDD}.Debug|Any CPU.Build.0 = Debug|Any CPU
		{43C8433E-CACD-42E2-A411-7C5300279CDD}.Release|Any CPU.ActiveCfg = Release|Any CPU
		{43C8433E-CACD-42E2-A411-7C5300279CDD}.Release|Any CPU.Build.0 = Release|Any CPU
		{13FCCBF7-AB3F-4BC3-9D43-59897449D418}.Debug|Any CPU.ActiveCfg = Debug|Any CPU
		{13FCCBF7-AB3F-4BC3-9D43-59897449D418}.Debug|Any CPU.Build.0 = Debug|Any CPU
		{13FCCBF7-AB3F-4BC3-9D43-59897449D418}.Release|Any CPU.ActiveCfg = Release|Any CPU
		{13FCCBF7-AB3F-4BC3-9D43-59897449D418}.Release|Any CPU.Build.0 = Release|Any CPU
		{833868FF-B3BA-4D3E-9666-8C3B90127D54}.Debug|Any CPU.ActiveCfg = Debug|Any CPU
		{833868FF-B3BA-4D3E-9666-8C3B90127D54}.Debug|Any CPU.Build.0 = Debug|Any CPU
		{833868FF-B3BA-4D3E-9666-8C3B90127D54}.Release|Any CPU.ActiveCfg = Release|Any CPU
		{833868FF-B3BA-4D3E-9666-8C3B90127D54}.Release|Any CPU.Build.0 = Release|Any CPU
		{DE30D9F1-0348-4A41-8CD3-6E74E6465FC1}.Debug|Any CPU.ActiveCfg = Debug|Any CPU
		{DE30D9F1-0348-4A41-8CD3-6E74E6465FC1}.Debug|Any CPU.Build.0 = Debug|Any CPU
		{DE30D9F1-0348-4A41-8CD3-6E74E6465FC1}.Release|Any CPU.ActiveCfg = Release|Any CPU
		{DE30D9F1-0348-4A41-8CD3-6E74E6465FC1}.Release|Any CPU.Build.0 = Release|Any CPU
	EndGlobalSection
	GlobalSection(SolutionProperties) = preSolution
		HideSolutionNode = FALSE
	EndGlobalSection
	GlobalSection(ExtensibilityGlobals) = postSolution
		SolutionGuid = {4B8B1B47-2240-4E35-85D9-B7C75FB8C336}
	EndGlobalSection
EndGlobal
